
Microsoft Visual Studio Solution File, Format Version 12.00
# Visual Studio Version 17
VisualStudioVersion = 17.2.32526.322
MinimumVisualStudioVersion = 10.0.40219.1
Project("{9A19103F-16F7-4668-BE54-9A1E7A4F7556}") = "MoodAnalyzer", "MoodAnalyzer\MoodAnalyzer.csproj", "{4E2A6C03-3928-490B-8CE8-F2F138DDB785}"
EndProject
Project("{9A19103F-16F7-4668-BE54-9A1E7A4F7556}") = "MS.TestMood", "MS.TestMood\MS.TestMood.csproj", "{0B86011E-7E16-4487-AA90-F9C1718E01DF}"
EndProject
Global
	GlobalSection(SolutionConfigurationPlatforms) = preSolution
		Debug|Any CPU = Debug|Any CPU
		Release|Any CPU = Release|Any CPU
	EndGlobalSection
	GlobalSection(ProjectConfigurationPlatforms) = postSolution
		{4E2A6C03-3928-490B-8CE8-F2F138DDB785}.Debug|Any CPU.ActiveCfg = Debug|Any CPU
		{4E2A6C03-3928-490B-8CE8-F2F138DDB785}.Debug|Any CPU.Build.0 = Debug|Any CPU
		{4E2A6C03-3928-490B-8CE8-F2F138DDB785}.Release|Any CPU.ActiveCfg = Release|Any CPU
		{4E2A6C03-3928-490B-8CE8-F2F138DDB785}.Release|Any CPU.Build.0 = Release|Any CPU
		{0B86011E-7E16-4487-AA90-F9C1718E01DF}.Debug|Any CPU.ActiveCfg = Debug|Any CPU
		{0B86011E-7E16-4487-AA90-F9C1718E01DF}.Debug|Any CPU.Build.0 = Debug|Any CPU
		{0B86011E-7E16-4487-AA90-F9C1718E01DF}.Release|Any CPU.ActiveCfg = Release|Any CPU
		{0B86011E-7E16-4487-AA90-F9C1718E01DF}.Release|Any CPU.Build.0 = Release|Any CPU
	EndGlobalSection
	GlobalSection(SolutionProperties) = preSolution
		HideSolutionNode = FALSE
	EndGlobalSection
	GlobalSection(ExtensibilityGlobals) = postSolution
		SolutionGuid = {BF7E1A3D-3D99-4B51-A5A6-53BC35CDE9FD}
	EndGlobalSection
EndGlobal
